
Microsoft Visual Studio Solution File, Format Version 12.00
# Visual Studio Version 16
VisualStudioVersion = 16.0.31205.134
MinimumVisualStudioVersion = 10.0.40219.1
Project("{FAE04EC0-301F-11D3-BF4B-00C04F79EFBC}") = "HiLo", "HiLo\HiLo.csproj", "{97B55523-FB7C-4BA3-878A-B89F959488A1}"
EndProject
Global
	GlobalSection(SolutionConfigurationPlatforms) = preSolution
		Debug|Any CPU = Debug|Any CPU
		Release|Any CPU = Release|Any CPU
	EndGlobalSection
	GlobalSection(ProjectConfigurationPlatforms) = postSolution
		{97B55523-FB7C-4BA3-878A-B89F959488A1}.Debug|Any CPU.ActiveCfg = Debug|Any CPU
		{97B55523-FB7C-4BA3-878A-B89F959488A1}.Debug|Any CPU.Build.0 = Debug|Any CPU
		{97B55523-FB7C-4BA3-878A-B89F959488A1}.Release|Any CPU.ActiveCfg = Release|Any CPU
		{97B55523-FB7C-4BA3-878A-B89F959488A1}.Release|Any CPU.Build.0 = Release|Any CPU
	EndGlobalSection
	GlobalSection(SolutionProperties) = preSolution
		HideSolutionNode = FALSE
	EndGlobalSection
	GlobalSection(ExtensibilityGlobals) = postSolution
		SolutionGuid = {CFE18A4A-C5CE-4004-A27C-20C380C256C5}
	EndGlobalSection
EndGlobal
